
Microsoft Visual Studio Solution File, Format Version 12.00
# Visual Studio 2012
Project("{2150E333-8FDC-42A3-9474-1A3956D46DE8}") = "1 - Arquitetura e Design", "1 - Arquitetura e Design", "{8407710D-57E2-46AA-8C22-5FB295ED52F6}"
EndProject
Project("{2150E333-8FDC-42A3-9474-1A3956D46DE8}") = "2 - Camadas", "2 - Camadas", "{23EBC65F-8A3D-4F01-967C-4623CE75CCD4}"
EndProject
Project("{2150E333-8FDC-42A3-9474-1A3956D46DE8}") = "2.1 - Apresentação", "2.1 - Apresentação", "{190E8B6B-0146-4638-B3C7-5654831FFFF2}"
EndProject
Project("{2150E333-8FDC-42A3-9474-1A3956D46DE8}") = "2.2 - Serviços Distribuidos", "2.2 - Serviços Distribuidos", "{E50D93C9-1937-4BD2-A285-4920EF66E100}"
EndProject
Project("{2150E333-8FDC-42A3-9474-1A3956D46DE8}") = "2.3 - Aplicação", "2.3 - Aplicação", "{CA8E9ED5-9817-4289-885D-A26611FF44C1}"
EndProject
Project("{2150E333-8FDC-42A3-9474-1A3956D46DE8}") = "2.4 - Domínio", "2.4 - Domínio", "{E0894FC2-A5F2-4050-88D5-5569A3DDBCD9}"
EndProject
Project("{2150E333-8FDC-42A3-9474-1A3956D46DE8}") = "2.5 - Infraestrutura de Persistência", "2.5 - Infraestrutura de Persistência", "{C7E71A1A-9146-4FE4-A318-5736A24EF767}"
EndProject
Project("{2150E333-8FDC-42A3-9474-1A3956D46DE8}") = "2.6 - Infraestrutura Vertical", "2.6 - Infraestrutura Vertical", "{4D277B31-54D6-4A52-85C8-BBA45F8F8911}"
EndProject
Project("{2150E333-8FDC-42A3-9474-1A3956D46DE8}") = "3 - Qualidade", "3 - Qualidade", "{15FA658C-EA5B-4C14-AEF0-845268B7C8B4}"
EndProject
Project("{2150E333-8FDC-42A3-9474-1A3956D46DE8}") = "3.1 - Testes Unitários", "3.1 - Testes Unitários", "{BEAA767F-1B38-4DE3-87CA-5ACFDAB8995E}"
EndProject
Project("{2150E333-8FDC-42A3-9474-1A3956D46DE8}") = "3.2 - Testes de Carga", "3.2 - Testes de Carga", "{94C50C5F-EB9C-4556-9981-F44AA7AD6424}"
EndProject
Project("{2150E333-8FDC-42A3-9474-1A3956D46DE8}") = "3.3 - Testes Automatizados", "3.3 - Testes Automatizados", "{8FFB307E-D7B0-4220-90F4-A029946B6CA1}"
EndProject
Project("{2150E333-8FDC-42A3-9474-1A3956D46DE8}") = "0 - Gerenciamento de Dependências", "0 - Gerenciamento de Dependências", "{58F6DB8C-A4F7-4800-A18F-2B3F1B62490D}"
EndProject
Project("{FAE04EC0-301F-11D3-BF4B-00C04F79EFBC}") = "Sample.ChartNet.Infraestrutura.Persistencia.Teste", "Sample.ChartNet.Infraestrutura.Persistencia.Teste\Sample.ChartNet.Infraestrutura.Persistencia.Teste.csproj", "{148405DC-3B06-40EA-8131-3875EA5D000D}"
EndProject
Project("{FAE04EC0-301F-11D3-BF4B-00C04F79EFBC}") = "Sample.ChartNet.Dominio.Teste", "Sample.ChartNet.Dominio.Teste\Sample.ChartNet.Dominio.Teste.csproj", "{E377383C-B63E-4F86-B812-617531A380C7}"
EndProject
Project("{FAE04EC0-301F-11D3-BF4B-00C04F79EFBC}") = "Sample.ChartNet.Aplicacao.Teste", "Sample.ChartNet.Aplicacao.Teste\Sample.ChartNet.Aplicacao.Teste.csproj", "{0DD3A8BF-CB87-4BF5-B97F-6984A0325BDF}"
EndProject
Project("{FAE04EC0-301F-11D3-BF4B-00C04F79EFBC}") = "Sample.ChartNet.Infraestrutura.Comuns", "Sample.ChartNet.Infraestrutura.Comuns\Sample.ChartNet.Infraestrutura.Comuns.csproj", "{18910D6B-C950-4E70-B46D-B25EA49B7678}"
EndProject
Project("{FAE04EC0-301F-11D3-BF4B-00C04F79EFBC}") = "Sample.ChartNet.Infraestrutura.Persistencia", "Sample.ChartNet.Infraestrutura.Persistencia\Sample.ChartNet.Infraestrutura.Persistencia.csproj", "{E5C55545-3704-4AA1-99B6-C7FD5047681D}"
EndProject
Project("{FAE04EC0-301F-11D3-BF4B-00C04F79EFBC}") = "Sample.ChartNet.Dominio", "Sample.ChartNet.Dominio\Sample.ChartNet.Dominio.csproj", "{F25DE1AE-52E1-4A0D-9A27-F0117C39A897}"
EndProject
Project("{FAE04EC0-301F-11D3-BF4B-00C04F79EFBC}") = "Sample.ChartNet.Aplicacao", "Sample.ChartNet.Aplicacao\Sample.ChartNet.Aplicacao.csproj", "{9A51C4E9-110A-4E32-9000-F86DFDD788EC}"
EndProject
Project("{FAE04EC0-301F-11D3-BF4B-00C04F79EFBC}") = "Sample.ChartNet.UI.Web", "Sample.ChartNet.UI.Web\Sample.ChartNet.UI.Web.csproj", "{ED64A886-8317-4D44-8751-BCB9B00524E3}"
EndProject
Project("{FAE04EC0-301F-11D3-BF4B-00C04F79EFBC}") = "Sample.ChartNet.ServicoDistribuido", "Sample.ChartNet.ServicoDistribuido\Sample.ChartNet.ServicoDistribuido.csproj", "{F99A37E1-2AC5-4C26-AEF9-EEEE4537D077}"
EndProject
Global
	GlobalSection(SolutionConfigurationPlatforms) = preSolution
		Debug|Any CPU = Debug|Any CPU
		Release|Any CPU = Release|Any CPU
	EndGlobalSection
	GlobalSection(ProjectConfigurationPlatforms) = postSolution
		{148405DC-3B06-40EA-8131-3875EA5D000D}.Debug|Any CPU.ActiveCfg = Debug|Any CPU
		{148405DC-3B06-40EA-8131-3875EA5D000D}.Debug|Any CPU.Build.0 = Debug|Any CPU
		{148405DC-3B06-40EA-8131-3875EA5D000D}.Release|Any CPU.ActiveCfg = Release|Any CPU
		{148405DC-3B06-40EA-8131-3875EA5D000D}.Release|Any CPU.Build.0 = Release|Any CPU
		{E377383C-B63E-4F86-B812-617531A380C7}.Debug|Any CPU.ActiveCfg = Debug|Any CPU
		{E377383C-B63E-4F86-B812-617531A380C7}.Debug|Any CPU.Build.0 = Debug|Any CPU
		{E377383C-B63E-4F86-B812-617531A380C7}.Release|Any CPU.ActiveCfg = Release|Any CPU
		{E377383C-B63E-4F86-B812-617531A380C7}.Release|Any CPU.Build.0 = Release|Any CPU
		{0DD3A8BF-CB87-4BF5-B97F-6984A0325BDF}.Debug|Any CPU.ActiveCfg = Debug|Any CPU
		{0DD3A8BF-CB87-4BF5-B97F-6984A0325BDF}.Debug|Any CPU.Build.0 = Debug|Any CPU
		{0DD3A8BF-CB87-4BF5-B97F-6984A0325BDF}.Release|Any CPU.ActiveCfg = Release|Any CPU
		{0DD3A8BF-CB87-4BF5-B97F-6984A0325BDF}.Release|Any CPU.Build.0 = Release|Any CPU
		{18910D6B-C950-4E70-B46D-B25EA49B7678}.Debug|Any CPU.ActiveCfg = Debug|Any CPU
		{18910D6B-C950-4E70-B46D-B25EA49B7678}.Debug|Any CPU.Build.0 = Debug|Any CPU
		{18910D6B-C950-4E70-B46D-B25EA49B7678}.Release|Any CPU.ActiveCfg = Release|Any CPU
		{18910D6B-C950-4E70-B46D-B25EA49B7678}.Release|Any CPU.Build.0 = Release|Any CPU
		{E5C55545-3704-4AA1-99B6-C7FD5047681D}.Debug|Any CPU.ActiveCfg = Debug|Any CPU
		{E5C55545-3704-4AA1-99B6-C7FD5047681D}.Debug|Any CPU.Build.0 = Debug|Any CPU
		{E5C55545-3704-4AA1-99B6-C7FD5047681D}.Release|Any CPU.ActiveCfg = Release|Any CPU
		{E5C55545-3704-4AA1-99B6-C7FD5047681D}.Release|Any CPU.Build.0 = Release|Any CPU
		{F25DE1AE-52E1-4A0D-9A27-F0117C39A897}.Debug|Any CPU.ActiveCfg = Debug|Any CPU
		{F25DE1AE-52E1-4A0D-9A27-F0117C39A897}.Debug|Any CPU.Build.0 = Debug|Any CPU
		{F25DE1AE-52E1-4A0D-9A27-F0117C39A897}.Release|Any CPU.ActiveCfg = Release|Any CPU
		{F25DE1AE-52E1-4A0D-9A27-F0117C39A897}.Release|Any CPU.Build.0 = Release|Any CPU
		{9A51C4E9-110A-4E32-9000-F86DFDD788EC}.Debug|Any CPU.ActiveCfg = Debug|Any CPU
		{9A51C4E9-110A-4E32-9000-F86DFDD788EC}.Debug|Any CPU.Build.0 = Debug|Any CPU
		{9A51C4E9-110A-4E32-9000-F86DFDD788EC}.Release|Any CPU.ActiveCfg = Release|Any CPU
		{9A51C4E9-110A-4E32-9000-F86DFDD788EC}.Release|Any CPU.Build.0 = Release|Any CPU
		{ED64A886-8317-4D44-8751-BCB9B00524E3}.Debug|Any CPU.ActiveCfg = Debug|Any CPU
		{ED64A886-8317-4D44-8751-BCB9B00524E3}.Debug|Any CPU.Build.0 = Debug|Any CPU
		{ED64A886-8317-4D44-8751-BCB9B00524E3}.Release|Any CPU.ActiveCfg = Release|Any CPU
		{ED64A886-8317-4D44-8751-BCB9B00524E3}.Release|Any CPU.Build.0 = Release|Any CPU
		{F99A37E1-2AC5-4C26-AEF9-EEEE4537D077}.Debug|Any CPU.ActiveCfg = Debug|Any CPU
		{F99A37E1-2AC5-4C26-AEF9-EEEE4537D077}.Debug|Any CPU.Build.0 = Debug|Any CPU
		{F99A37E1-2AC5-4C26-AEF9-EEEE4537D077}.Release|Any CPU.ActiveCfg = Release|Any CPU
		{F99A37E1-2AC5-4C26-AEF9-EEEE4537D077}.Release|Any CPU.Build.0 = Release|Any CPU
	EndGlobalSection
	GlobalSection(SolutionProperties) = preSolution
		HideSolutionNode = FALSE
	EndGlobalSection
	GlobalSection(NestedProjects) = preSolution
		{190E8B6B-0146-4638-B3C7-5654831FFFF2} = {23EBC65F-8A3D-4F01-967C-4623CE75CCD4}
		{E50D93C9-1937-4BD2-A285-4920EF66E100} = {23EBC65F-8A3D-4F01-967C-4623CE75CCD4}
		{CA8E9ED5-9817-4289-885D-A26611FF44C1} = {23EBC65F-8A3D-4F01-967C-4623CE75CCD4}
		{E0894FC2-A5F2-4050-88D5-5569A3DDBCD9} = {23EBC65F-8A3D-4F01-967C-4623CE75CCD4}
		{C7E71A1A-9146-4FE4-A318-5736A24EF767} = {23EBC65F-8A3D-4F01-967C-4623CE75CCD4}
		{4D277B31-54D6-4A52-85C8-BBA45F8F8911} = {23EBC65F-8A3D-4F01-967C-4623CE75CCD4}
		{ED64A886-8317-4D44-8751-BCB9B00524E3} = {190E8B6B-0146-4638-B3C7-5654831FFFF2}
		{F99A37E1-2AC5-4C26-AEF9-EEEE4537D077} = {E50D93C9-1937-4BD2-A285-4920EF66E100}
		{9A51C4E9-110A-4E32-9000-F86DFDD788EC} = {CA8E9ED5-9817-4289-885D-A26611FF44C1}
		{F25DE1AE-52E1-4A0D-9A27-F0117C39A897} = {E0894FC2-A5F2-4050-88D5-5569A3DDBCD9}
		{E5C55545-3704-4AA1-99B6-C7FD5047681D} = {C7E71A1A-9146-4FE4-A318-5736A24EF767}
		{18910D6B-C950-4E70-B46D-B25EA49B7678} = {4D277B31-54D6-4A52-85C8-BBA45F8F8911}
		{BEAA767F-1B38-4DE3-87CA-5ACFDAB8995E} = {15FA658C-EA5B-4C14-AEF0-845268B7C8B4}
		{94C50C5F-EB9C-4556-9981-F44AA7AD6424} = {15FA658C-EA5B-4C14-AEF0-845268B7C8B4}
		{8FFB307E-D7B0-4220-90F4-A029946B6CA1} = {15FA658C-EA5B-4C14-AEF0-845268B7C8B4}
		{148405DC-3B06-40EA-8131-3875EA5D000D} = {BEAA767F-1B38-4DE3-87CA-5ACFDAB8995E}
		{E377383C-B63E-4F86-B812-617531A380C7} = {BEAA767F-1B38-4DE3-87CA-5ACFDAB8995E}
		{0DD3A8BF-CB87-4BF5-B97F-6984A0325BDF} = {BEAA767F-1B38-4DE3-87CA-5ACFDAB8995E}
	EndGlobalSection
EndGlobal
